
Microsoft Visual Studio Solution File, Format Version 12.00
# Visual Studio Version 17
VisualStudioVersion = 17.3.32901.215
MinimumVisualStudioVersion = 10.0.40219.1
Project("{8BC9CEB8-8B4A-11D0-8D11-00A0C91BC942}") = "Arrays", "Arrays\Arrrays.vcxproj", "{D7FC36E5-AC5D-4718-9384-2D461FE8E764}"
EndProject
Global
	GlobalSection(SolutionConfigurationPlatforms) = preSolution
		Debug|x64 = Debug|x64
		Debug|x86 = Debug|x86
		Release|x64 = Release|x64
		Release|x86 = Release|x86
	EndGlobalSection
	GlobalSection(ProjectConfigurationPlatforms) = postSolution
		{D7FC36E5-AC5D-4718-9384-2D461FE8E764}.Debug|x64.ActiveCfg = Debug|x64
		{D7FC36E5-AC5D-4718-9384-2D461FE8E764}.Debug|x64.Build.0 = Debug|x64
		{D7FC36E5-AC5D-4718-9384-2D461FE8E764}.Debug|x86.ActiveCfg = Debug|Win32
		{D7FC36E5-AC5D-4718-9384-2D461FE8E764}.Debug|x86.Build.0 = Debug|Win32
		{D7FC36E5-AC5D-4718-9384-2D461FE8E764}.Release|x64.ActiveCfg = Release|x64
		{D7FC36E5-AC5D-4718-9384-2D461FE8E764}.Release|x64.Build.0 = Release|x64
		{D7FC36E5-AC5D-4718-9384-2D461FE8E764}.Release|x86.ActiveCfg = Release|Win32
		{D7FC36E5-AC5D-4718-9384-2D461FE8E764}.Release|x86.Build.0 = Release|Win32
	EndGlobalSection
	GlobalSection(SolutionProperties) = preSolution
		HideSolutionNode = FALSE
	EndGlobalSection
	GlobalSection(ExtensibilityGlobals) = postSolution
		SolutionGuid = {55E74537-FB49-4D34-A63F-CB8214945691}
	EndGlobalSection
EndGlobal
